
Microsoft Visual Studio Solution File, Format Version 12.00
# Visual Studio Version 17
VisualStudioVersion = 17.0.31903.59
MinimumVisualStudioVersion = 10.0.40219.1
Project("{2150E333-8FDC-42A3-9474-1A3956D46DE8}") = "C#", "C#", "{15CBC81D-F871-4983-A685-744346FBC98F}"
EndProject
Project("{9A19103F-16F7-4668-BE54-9A1E7A4F7556}") = "İsPrimitiveType", "C#\İsPrimitiveType\İsPrimitiveType.csproj", "{C5924613-95BE-4619-8385-B9C4830B9230}"
EndProject
Project("{9A19103F-16F7-4668-BE54-9A1E7A4F7556}") = "Variables", "C#\Variables\Variables.csproj", "{1D3D89BA-5F31-4AB9-AD88-69DA775A624C}"
EndProject
Project("{2150E333-8FDC-42A3-9474-1A3956D46DE8}") = "Code-First Relations", "Code-First Relations", "{CC599EFF-C287-4CD6-8A5F-575F010367D9}"
EndProject
Project("{FAE04EC0-301F-11D3-BF4B-00C04F79EFBC}") = "CodeFirst", "CodeFirst\CodeFirst.csproj", "{01563FE7-58B7-420A-8131-BD67D4944370}"
EndProject
Project("{2150E333-8FDC-42A3-9474-1A3956D46DE8}") = "SQL Connection", "SQL Connection", "{35714390-42FC-4492-87B9-D7FB31536223}"
EndProject
Project("{FAE04EC0-301F-11D3-BF4B-00C04F79EFBC}") = "Sql Connection AdoNet", "Sql Connection\Sql Connection AdoNet.csproj", "{46CB24BA-926B-4A05-A11C-11EF50AED99D}"
EndProject
Project("{2150E333-8FDC-42A3-9474-1A3956D46DE8}") = "AdoNet", "AdoNet", "{1E252E4D-5CEE-4501-B832-E618612B09EB}"
EndProject
Project("{2150E333-8FDC-42A3-9474-1A3956D46DE8}") = "ORM", "ORM", "{5A60E4E8-0EB2-4671-892E-BBB4A3206704}"
EndProject
Project("{FAE04EC0-301F-11D3-BF4B-00C04F79EFBC}") = "OrmPractice", "OrmPractice\OrmPractice.csproj", "{EB2B8F7D-42E2-4AA8-AE8F-6359AEC52146}"
EndProject
Project("{2150E333-8FDC-42A3-9474-1A3956D46DE8}") = "LINQ", "LINQ", "{02EA681E-C7D8-13C7-8484-4AC65E1B71E8}"
EndProject
Project("{FAE04EC0-301F-11D3-BF4B-00C04F79EFBC}") = "LINQ", "LINQ\LINQ.csproj", "{94F60253-5F86-451D-8BD3-B9AEF54B81D3}"
EndProject
Project("{2150E333-8FDC-42A3-9474-1A3956D46DE8}") = "C# N-tier Architecture", "C# N-tier Architecture", "{77EF76F2-CCB4-4720-8613-9EADEBF85AE0}"
EndProject
Project("{FAE04EC0-301F-11D3-BF4B-00C04F79EFBC}") = "Academy.Core", "Academy.Core\Academy.Core.csproj", "{32368A19-8024-4F87-8357-DF465196AB63}"
EndProject
Project("{FAE04EC0-301F-11D3-BF4B-00C04F79EFBC}") = "Academy.DataAccess", "Academy.DataAccess\Academy.DataAccess.csproj", "{07487B67-D237-4C87-BF98-582CCF71955D}"
EndProject
Project("{FAE04EC0-301F-11D3-BF4B-00C04F79EFBC}") = "Academy.Service", "Academy.Service\Academy.Service.csproj", "{F73BDDB6-58D5-4A86-928F-0CA77E7AECB8}"
EndProject
Project("{FAE04EC0-301F-11D3-BF4B-00C04F79EFBC}") = "Academy.App", "Academy.App\Academy.App.csproj", "{B8BACF54-515C-4A54-BED5-667E1568183B}"
EndProject
Project("{FAE04EC0-301F-11D3-BF4B-00C04F79EFBC}") = "Methods", "Methods\Methods.csproj", "{F7F42FF9-8832-45F8-A4D1-DAA5F6525B3F}"
EndProject
Project("{FAE04EC0-301F-11D3-BF4B-00C04F79EFBC}") = "String", "String\String.csproj", "{BA2E4798-562D-4C66-B465-1CCAD00B71C2}"
EndProject
Project("{FAE04EC0-301F-11D3-BF4B-00C04F79EFBC}") = "ValueType", "ValueType\ValueType.csproj", "{96FDB54B-2002-443E-BEC7-322AB716A258}"
EndProject
Project("{FAE04EC0-301F-11D3-BF4B-00C04F79EFBC}") = "Inheritance", "Inheritance\Inheritance.csproj", "{D138B0F8-E607-4C7A-8B3E-7438F745C7A5}"
EndProject
Project("{FAE04EC0-301F-11D3-BF4B-00C04F79EFBC}") = "Association", "Association\Association.csproj", "{00E3F014-8EC4-4679-8718-C8D49D3604E8}"
EndProject
Project("{FAE04EC0-301F-11D3-BF4B-00C04F79EFBC}") = "StringBuilderDateType", "StringBuilder\StringBuilderDateType.csproj", "{7DFA5EC7-F6F8-46BD-B9C8-674669D9EED6}"
EndProject
Project("{FAE04EC0-301F-11D3-BF4B-00C04F79EFBC}") = "AccessModifiers", "AccessModifiers\AccessModifiers.csproj", "{867C3ABF-C469-4AD7-8CC1-AF8208D701F9}"
EndProject
Project("{FAE04EC0-301F-11D3-BF4B-00C04F79EFBC}") = "AbstractionProject", "AbstractionProject\AbstractionProject.csproj", "{1704E10A-5C8C-4803-A0F2-FDDD8EFA9DB2}"
EndProject
Project("{FAE04EC0-301F-11D3-BF4B-00C04F79EFBC}") = "ToStringMethod", "ToStringMethod\ToStringMethod.csproj", "{B7630C25-2C42-44F9-B983-E4DD50161AD0}"
EndProject
Project("{FAE04EC0-301F-11D3-BF4B-00C04F79EFBC}") = "OperatorOverloading", "OperatorOverloading\OperatorOverloading.csproj", "{12FE118B-0455-4C42-834D-3550241E7525}"
EndProject
Project("{FAE04EC0-301F-11D3-BF4B-00C04F79EFBC}") = "Struct", "Struct\Struct.csproj", "{9E52DD8A-0ACE-4234-865E-B9A0E992FC72}"
EndProject
Project("{FAE04EC0-301F-11D3-BF4B-00C04F79EFBC}") = "Indexer", "Indexer\Indexer.csproj", "{09502A65-C5D0-4A3A-A01D-6F42E175C2F7}"
EndProject
Project("{FAE04EC0-301F-11D3-BF4B-00C04F79EFBC}") = "CustomException", "Exception\CustomException.csproj", "{CB25BE73-AE49-4152-9A18-EAA1384F02EC}"
EndProject
Project("{FAE04EC0-301F-11D3-BF4B-00C04F79EFBC}") = "EnumIzah", "EnumIzah\EnumIzah.csproj", "{EA0D4F72-AEF6-43A7-9028-911EB481D2D4}"
EndProject
Project("{FAE04EC0-301F-11D3-BF4B-00C04F79EFBC}") = "CSharpCasting", "CSharpCasting\CSharpCasting.csproj", "{DC4B8424-2C20-4C70-8027-974049342EAD}"
EndProject
Project("{FAE04EC0-301F-11D3-BF4B-00C04F79EFBC}") = "CSharpCeneric", "CSharpCeneric\CSharpCeneric.csproj", "{6FDCCA60-1BA0-4A31-8623-EECFC260E0F2}"
EndProject
Project("{FAE04EC0-301F-11D3-BF4B-00C04F79EFBC}") = "CSharpCollections", "CSharpCollections\CSharpCollections.csproj", "{250186CF-0C13-411C-97ED-DF5286F8D77A}"
EndProject
Global
	GlobalSection(SolutionConfigurationPlatforms) = preSolution
		Debug|Any CPU = Debug|Any CPU
		Release|Any CPU = Release|Any CPU
	EndGlobalSection
	GlobalSection(ProjectConfigurationPlatforms) = postSolution
		{C5924613-95BE-4619-8385-B9C4830B9230}.Debug|Any CPU.ActiveCfg = Debug|Any CPU
		{C5924613-95BE-4619-8385-B9C4830B9230}.Debug|Any CPU.Build.0 = Debug|Any CPU
		{C5924613-95BE-4619-8385-B9C4830B9230}.Release|Any CPU.ActiveCfg = Release|Any CPU
		{C5924613-95BE-4619-8385-B9C4830B9230}.Release|Any CPU.Build.0 = Release|Any CPU
		{1D3D89BA-5F31-4AB9-AD88-69DA775A624C}.Debug|Any CPU.ActiveCfg = Debug|Any CPU
		{1D3D89BA-5F31-4AB9-AD88-69DA775A624C}.Debug|Any CPU.Build.0 = Debug|Any CPU
		{1D3D89BA-5F31-4AB9-AD88-69DA775A624C}.Release|Any CPU.ActiveCfg = Release|Any CPU
		{1D3D89BA-5F31-4AB9-AD88-69DA775A624C}.Release|Any CPU.Build.0 = Release|Any CPU
		{01563FE7-58B7-420A-8131-BD67D4944370}.Debug|Any CPU.ActiveCfg = Debug|Any CPU
		{01563FE7-58B7-420A-8131-BD67D4944370}.Debug|Any CPU.Build.0 = Debug|Any CPU
		{01563FE7-58B7-420A-8131-BD67D4944370}.Release|Any CPU.ActiveCfg = Release|Any CPU
		{01563FE7-58B7-420A-8131-BD67D4944370}.Release|Any CPU.Build.0 = Release|Any CPU
		{46CB24BA-926B-4A05-A11C-11EF50AED99D}.Debug|Any CPU.ActiveCfg = Debug|Any CPU
		{46CB24BA-926B-4A05-A11C-11EF50AED99D}.Debug|Any CPU.Build.0 = Debug|Any CPU
		{46CB24BA-926B-4A05-A11C-11EF50AED99D}.Release|Any CPU.ActiveCfg = Release|Any CPU
		{46CB24BA-926B-4A05-A11C-11EF50AED99D}.Release|Any CPU.Build.0 = Release|Any CPU
		{EB2B8F7D-42E2-4AA8-AE8F-6359AEC52146}.Debug|Any CPU.ActiveCfg = Debug|Any CPU
		{EB2B8F7D-42E2-4AA8-AE8F-6359AEC52146}.Debug|Any CPU.Build.0 = Debug|Any CPU
		{EB2B8F7D-42E2-4AA8-AE8F-6359AEC52146}.Release|Any CPU.ActiveCfg = Release|Any CPU
		{EB2B8F7D-42E2-4AA8-AE8F-6359AEC52146}.Release|Any CPU.Build.0 = Release|Any CPU
		{94F60253-5F86-451D-8BD3-B9AEF54B81D3}.Debug|Any CPU.ActiveCfg = Debug|Any CPU
		{94F60253-5F86-451D-8BD3-B9AEF54B81D3}.Debug|Any CPU.Build.0 = Debug|Any CPU
		{94F60253-5F86-451D-8BD3-B9AEF54B81D3}.Release|Any CPU.ActiveCfg = Release|Any CPU
		{94F60253-5F86-451D-8BD3-B9AEF54B81D3}.Release|Any CPU.Build.0 = Release|Any CPU
		{32368A19-8024-4F87-8357-DF465196AB63}.Debug|Any CPU.ActiveCfg = Debug|Any CPU
		{32368A19-8024-4F87-8357-DF465196AB63}.Debug|Any CPU.Build.0 = Debug|Any CPU
		{32368A19-8024-4F87-8357-DF465196AB63}.Release|Any CPU.ActiveCfg = Release|Any CPU
		{32368A19-8024-4F87-8357-DF465196AB63}.Release|Any CPU.Build.0 = Release|Any CPU
		{07487B67-D237-4C87-BF98-582CCF71955D}.Debug|Any CPU.ActiveCfg = Debug|Any CPU
		{07487B67-D237-4C87-BF98-582CCF71955D}.Debug|Any CPU.Build.0 = Debug|Any CPU
		{07487B67-D237-4C87-BF98-582CCF71955D}.Release|Any CPU.ActiveCfg = Release|Any CPU
		{07487B67-D237-4C87-BF98-582CCF71955D}.Release|Any CPU.Build.0 = Release|Any CPU
		{F73BDDB6-58D5-4A86-928F-0CA77E7AECB8}.Debug|Any CPU.ActiveCfg = Debug|Any CPU
		{F73BDDB6-58D5-4A86-928F-0CA77E7AECB8}.Debug|Any CPU.Build.0 = Debug|Any CPU
		{F73BDDB6-58D5-4A86-928F-0CA77E7AECB8}.Release|Any CPU.ActiveCfg = Release|Any CPU
		{F73BDDB6-58D5-4A86-928F-0CA77E7AECB8}.Release|Any CPU.Build.0 = Release|Any CPU
		{B8BACF54-515C-4A54-BED5-667E1568183B}.Debug|Any CPU.ActiveCfg = Debug|Any CPU
		{B8BACF54-515C-4A54-BED5-667E1568183B}.Debug|Any CPU.Build.0 = Debug|Any CPU
		{B8BACF54-515C-4A54-BED5-667E1568183B}.Release|Any CPU.ActiveCfg = Release|Any CPU
		{B8BACF54-515C-4A54-BED5-667E1568183B}.Release|Any CPU.Build.0 = Release|Any CPU
		{F7F42FF9-8832-45F8-A4D1-DAA5F6525B3F}.Debug|Any CPU.ActiveCfg = Debug|Any CPU
		{F7F42FF9-8832-45F8-A4D1-DAA5F6525B3F}.Debug|Any CPU.Build.0 = Debug|Any CPU
		{F7F42FF9-8832-45F8-A4D1-DAA5F6525B3F}.Release|Any CPU.ActiveCfg = Release|Any CPU
		{F7F42FF9-8832-45F8-A4D1-DAA5F6525B3F}.Release|Any CPU.Build.0 = Release|Any CPU
		{BA2E4798-562D-4C66-B465-1CCAD00B71C2}.Debug|Any CPU.ActiveCfg = Debug|Any CPU
		{BA2E4798-562D-4C66-B465-1CCAD00B71C2}.Debug|Any CPU.Build.0 = Debug|Any CPU
		{BA2E4798-562D-4C66-B465-1CCAD00B71C2}.Release|Any CPU.ActiveCfg = Release|Any CPU
		{BA2E4798-562D-4C66-B465-1CCAD00B71C2}.Release|Any CPU.Build.0 = Release|Any CPU
		{96FDB54B-2002-443E-BEC7-322AB716A258}.Debug|Any CPU.ActiveCfg = Debug|Any CPU
		{96FDB54B-2002-443E-BEC7-322AB716A258}.Debug|Any CPU.Build.0 = Debug|Any CPU
		{96FDB54B-2002-443E-BEC7-322AB716A258}.Release|Any CPU.ActiveCfg = Release|Any CPU
		{96FDB54B-2002-443E-BEC7-322AB716A258}.Release|Any CPU.Build.0 = Release|Any CPU
		{D138B0F8-E607-4C7A-8B3E-7438F745C7A5}.Debug|Any CPU.ActiveCfg = Debug|Any CPU
		{D138B0F8-E607-4C7A-8B3E-7438F745C7A5}.Debug|Any CPU.Build.0 = Debug|Any CPU
		{D138B0F8-E607-4C7A-8B3E-7438F745C7A5}.Release|Any CPU.ActiveCfg = Release|Any CPU
		{D138B0F8-E607-4C7A-8B3E-7438F745C7A5}.Release|Any CPU.Build.0 = Release|Any CPU
		{00E3F014-8EC4-4679-8718-C8D49D3604E8}.Debug|Any CPU.ActiveCfg = Debug|Any CPU
		{00E3F014-8EC4-4679-8718-C8D49D3604E8}.Debug|Any CPU.Build.0 = Debug|Any CPU
		{00E3F014-8EC4-4679-8718-C8D49D3604E8}.Release|Any CPU.ActiveCfg = Release|Any CPU
		{00E3F014-8EC4-4679-8718-C8D49D3604E8}.Release|Any CPU.Build.0 = Release|Any CPU
		{7DFA5EC7-F6F8-46BD-B9C8-674669D9EED6}.Debug|Any CPU.ActiveCfg = Debug|Any CPU
		{7DFA5EC7-F6F8-46BD-B9C8-674669D9EED6}.Debug|Any CPU.Build.0 = Debug|Any CPU
		{7DFA5EC7-F6F8-46BD-B9C8-674669D9EED6}.Release|Any CPU.ActiveCfg = Release|Any CPU
		{7DFA5EC7-F6F8-46BD-B9C8-674669D9EED6}.Release|Any CPU.Build.0 = Release|Any CPU
		{867C3ABF-C469-4AD7-8CC1-AF8208D701F9}.Debug|Any CPU.ActiveCfg = Debug|Any CPU
		{867C3ABF-C469-4AD7-8CC1-AF8208D701F9}.Debug|Any CPU.Build.0 = Debug|Any CPU
		{867C3ABF-C469-4AD7-8CC1-AF8208D701F9}.Release|Any CPU.ActiveCfg = Release|Any CPU
		{867C3ABF-C469-4AD7-8CC1-AF8208D701F9}.Release|Any CPU.Build.0 = Release|Any CPU
		{1704E10A-5C8C-4803-A0F2-FDDD8EFA9DB2}.Debug|Any CPU.ActiveCfg = Debug|Any CPU
		{1704E10A-5C8C-4803-A0F2-FDDD8EFA9DB2}.Debug|Any CPU.Build.0 = Debug|Any CPU
		{1704E10A-5C8C-4803-A0F2-FDDD8EFA9DB2}.Release|Any CPU.ActiveCfg = Release|Any CPU
		{1704E10A-5C8C-4803-A0F2-FDDD8EFA9DB2}.Release|Any CPU.Build.0 = Release|Any CPU
		{B7630C25-2C42-44F9-B983-E4DD50161AD0}.Debug|Any CPU.ActiveCfg = Debug|Any CPU
		{B7630C25-2C42-44F9-B983-E4DD50161AD0}.Debug|Any CPU.Build.0 = Debug|Any CPU
		{B7630C25-2C42-44F9-B983-E4DD50161AD0}.Release|Any CPU.ActiveCfg = Release|Any CPU
		{B7630C25-2C42-44F9-B983-E4DD50161AD0}.Release|Any CPU.Build.0 = Release|Any CPU
		{12FE118B-0455-4C42-834D-3550241E7525}.Debug|Any CPU.ActiveCfg = Debug|Any CPU
		{12FE118B-0455-4C42-834D-3550241E7525}.Debug|Any CPU.Build.0 = Debug|Any CPU
		{12FE118B-0455-4C42-834D-3550241E7525}.Release|Any CPU.ActiveCfg = Release|Any CPU
		{12FE118B-0455-4C42-834D-3550241E7525}.Release|Any CPU.Build.0 = Release|Any CPU
		{9E52DD8A-0ACE-4234-865E-B9A0E992FC72}.Debug|Any CPU.ActiveCfg = Debug|Any CPU
		{9E52DD8A-0ACE-4234-865E-B9A0E992FC72}.Debug|Any CPU.Build.0 = Debug|Any CPU
		{9E52DD8A-0ACE-4234-865E-B9A0E992FC72}.Release|Any CPU.ActiveCfg = Release|Any CPU
		{9E52DD8A-0ACE-4234-865E-B9A0E992FC72}.Release|Any CPU.Build.0 = Release|Any CPU
		{09502A65-C5D0-4A3A-A01D-6F42E175C2F7}.Debug|Any CPU.ActiveCfg = Debug|Any CPU
		{09502A65-C5D0-4A3A-A01D-6F42E175C2F7}.Debug|Any CPU.Build.0 = Debug|Any CPU
		{09502A65-C5D0-4A3A-A01D-6F42E175C2F7}.Release|Any CPU.ActiveCfg = Release|Any CPU
		{09502A65-C5D0-4A3A-A01D-6F42E175C2F7}.Release|Any CPU.Build.0 = Release|Any CPU
		{CB25BE73-AE49-4152-9A18-EAA1384F02EC}.Debug|Any CPU.ActiveCfg = Debug|Any CPU
		{CB25BE73-AE49-4152-9A18-EAA1384F02EC}.Debug|Any CPU.Build.0 = Debug|Any CPU
		{CB25BE73-AE49-4152-9A18-EAA1384F02EC}.Release|Any CPU.ActiveCfg = Release|Any CPU
		{CB25BE73-AE49-4152-9A18-EAA1384F02EC}.Release|Any CPU.Build.0 = Release|Any CPU
		{EA0D4F72-AEF6-43A7-9028-911EB481D2D4}.Debug|Any CPU.ActiveCfg = Debug|Any CPU
		{EA0D4F72-AEF6-43A7-9028-911EB481D2D4}.Debug|Any CPU.Build.0 = Debug|Any CPU
		{EA0D4F72-AEF6-43A7-9028-911EB481D2D4}.Release|Any CPU.ActiveCfg = Release|Any CPU
		{EA0D4F72-AEF6-43A7-9028-911EB481D2D4}.Release|Any CPU.Build.0 = Release|Any CPU
		{DC4B8424-2C20-4C70-8027-974049342EAD}.Debug|Any CPU.ActiveCfg = Debug|Any CPU
		{DC4B8424-2C20-4C70-8027-974049342EAD}.Debug|Any CPU.Build.0 = Debug|Any CPU
		{DC4B8424-2C20-4C70-8027-974049342EAD}.Release|Any CPU.ActiveCfg = Release|Any CPU
		{DC4B8424-2C20-4C70-8027-974049342EAD}.Release|Any CPU.Build.0 = Release|Any CPU
		{6FDCCA60-1BA0-4A31-8623-EECFC260E0F2}.Debug|Any CPU.ActiveCfg = Debug|Any CPU
		{6FDCCA60-1BA0-4A31-8623-EECFC260E0F2}.Debug|Any CPU.Build.0 = Debug|Any CPU
		{6FDCCA60-1BA0-4A31-8623-EECFC260E0F2}.Release|Any CPU.ActiveCfg = Release|Any CPU
		{6FDCCA60-1BA0-4A31-8623-EECFC260E0F2}.Release|Any CPU.Build.0 = Release|Any CPU
		{250186CF-0C13-411C-97ED-DF5286F8D77A}.Debug|Any CPU.ActiveCfg = Debug|Any CPU
		{250186CF-0C13-411C-97ED-DF5286F8D77A}.Debug|Any CPU.Build.0 = Debug|Any CPU
		{250186CF-0C13-411C-97ED-DF5286F8D77A}.Release|Any CPU.ActiveCfg = Release|Any CPU
		{250186CF-0C13-411C-97ED-DF5286F8D77A}.Release|Any CPU.Build.0 = Release|Any CPU
	EndGlobalSection
	GlobalSection(SolutionProperties) = preSolution
		HideSolutionNode = FALSE
	EndGlobalSection
	GlobalSection(NestedProjects) = preSolution
		{C5924613-95BE-4619-8385-B9C4830B9230} = {15CBC81D-F871-4983-A685-744346FBC98F}
		{1D3D89BA-5F31-4AB9-AD88-69DA775A624C} = {15CBC81D-F871-4983-A685-744346FBC98F}
		{01563FE7-58B7-420A-8131-BD67D4944370} = {CC599EFF-C287-4CD6-8A5F-575F010367D9}
		{46CB24BA-926B-4A05-A11C-11EF50AED99D} = {1E252E4D-5CEE-4501-B832-E618612B09EB}
		{1E252E4D-5CEE-4501-B832-E618612B09EB} = {35714390-42FC-4492-87B9-D7FB31536223}
		{5A60E4E8-0EB2-4671-892E-BBB4A3206704} = {35714390-42FC-4492-87B9-D7FB31536223}
		{EB2B8F7D-42E2-4AA8-AE8F-6359AEC52146} = {5A60E4E8-0EB2-4671-892E-BBB4A3206704}
		{94F60253-5F86-451D-8BD3-B9AEF54B81D3} = {02EA681E-C7D8-13C7-8484-4AC65E1B71E8}
		{32368A19-8024-4F87-8357-DF465196AB63} = {77EF76F2-CCB4-4720-8613-9EADEBF85AE0}
		{07487B67-D237-4C87-BF98-582CCF71955D} = {77EF76F2-CCB4-4720-8613-9EADEBF85AE0}
		{F73BDDB6-58D5-4A86-928F-0CA77E7AECB8} = {77EF76F2-CCB4-4720-8613-9EADEBF85AE0}
		{B8BACF54-515C-4A54-BED5-667E1568183B} = {77EF76F2-CCB4-4720-8613-9EADEBF85AE0}
		{F7F42FF9-8832-45F8-A4D1-DAA5F6525B3F} = {15CBC81D-F871-4983-A685-744346FBC98F}
		{BA2E4798-562D-4C66-B465-1CCAD00B71C2} = {15CBC81D-F871-4983-A685-744346FBC98F}
		{96FDB54B-2002-443E-BEC7-322AB716A258} = {15CBC81D-F871-4983-A685-744346FBC98F}
		{D138B0F8-E607-4C7A-8B3E-7438F745C7A5} = {15CBC81D-F871-4983-A685-744346FBC98F}
		{00E3F014-8EC4-4679-8718-C8D49D3604E8} = {15CBC81D-F871-4983-A685-744346FBC98F}
		{7DFA5EC7-F6F8-46BD-B9C8-674669D9EED6} = {15CBC81D-F871-4983-A685-744346FBC98F}
		{867C3ABF-C469-4AD7-8CC1-AF8208D701F9} = {15CBC81D-F871-4983-A685-744346FBC98F}
		{1704E10A-5C8C-4803-A0F2-FDDD8EFA9DB2} = {15CBC81D-F871-4983-A685-744346FBC98F}
		{B7630C25-2C42-44F9-B983-E4DD50161AD0} = {15CBC81D-F871-4983-A685-744346FBC98F}
		{12FE118B-0455-4C42-834D-3550241E7525} = {15CBC81D-F871-4983-A685-744346FBC98F}
		{9E52DD8A-0ACE-4234-865E-B9A0E992FC72} = {15CBC81D-F871-4983-A685-744346FBC98F}
		{09502A65-C5D0-4A3A-A01D-6F42E175C2F7} = {15CBC81D-F871-4983-A685-744346FBC98F}
		{CB25BE73-AE49-4152-9A18-EAA1384F02EC} = {15CBC81D-F871-4983-A685-744346FBC98F}
		{EA0D4F72-AEF6-43A7-9028-911EB481D2D4} = {15CBC81D-F871-4983-A685-744346FBC98F}
		{DC4B8424-2C20-4C70-8027-974049342EAD} = {15CBC81D-F871-4983-A685-744346FBC98F}
		{6FDCCA60-1BA0-4A31-8623-EECFC260E0F2} = {15CBC81D-F871-4983-A685-744346FBC98F}
		{250186CF-0C13-411C-97ED-DF5286F8D77A} = {15CBC81D-F871-4983-A685-744346FBC98F}
	EndGlobalSection
	GlobalSection(ExtensibilityGlobals) = postSolution
		SolutionGuid = {3E9841A5-113A-40EE-B1C8-22E8C8ADA625}
	EndGlobalSection
EndGlobal
