
Microsoft Visual Studio Solution File, Format Version 12.00
# Visual Studio Version 17
VisualStudioVersion = 17.0.31903.59
MinimumVisualStudioVersion = 10.0.40219.1
Project("{2150E333-8FDC-42A3-9474-1A3956D46DE8}") = "C#", "C#", "{15CBC81D-F871-4983-A685-744346FBC98F}"
EndProject
Project("{9A19103F-16F7-4668-BE54-9A1E7A4F7556}") = "İsPrimitiveType", "C#\İsPrimitiveType\İsPrimitiveType.csproj", "{C5924613-95BE-4619-8385-B9C4830B9230}"
EndProject
Project("{9A19103F-16F7-4668-BE54-9A1E7A4F7556}") = "Variables", "C#\Variables\Variables.csproj", "{1D3D89BA-5F31-4AB9-AD88-69DA775A624C}"
EndProject
Project("{2150E333-8FDC-42A3-9474-1A3956D46DE8}") = "Code-First Relations", "Code-First Relations", "{CC599EFF-C287-4CD6-8A5F-575F010367D9}"
EndProject
Project("{FAE04EC0-301F-11D3-BF4B-00C04F79EFBC}") = "CodeFirst", "CodeFirst\CodeFirst.csproj", "{01563FE7-58B7-420A-8131-BD67D4944370}"
EndProject
Project("{2150E333-8FDC-42A3-9474-1A3956D46DE8}") = "SQL Connection", "SQL Connection", "{35714390-42FC-4492-87B9-D7FB31536223}"
EndProject
Project("{FAE04EC0-301F-11D3-BF4B-00C04F79EFBC}") = "Sql Connection AdoNet", "Sql Connection\Sql Connection AdoNet.csproj", "{46CB24BA-926B-4A05-A11C-11EF50AED99D}"
EndProject
Project("{2150E333-8FDC-42A3-9474-1A3956D46DE8}") = "AdoNet", "AdoNet", "{1E252E4D-5CEE-4501-B832-E618612B09EB}"
EndProject
Project("{2150E333-8FDC-42A3-9474-1A3956D46DE8}") = "ORM", "ORM", "{5A60E4E8-0EB2-4671-892E-BBB4A3206704}"
EndProject
Project("{FAE04EC0-301F-11D3-BF4B-00C04F79EFBC}") = "OrmPractice", "OrmPractice\OrmPractice.csproj", "{EB2B8F7D-42E2-4AA8-AE8F-6359AEC52146}"
EndProject
Project("{2150E333-8FDC-42A3-9474-1A3956D46DE8}") = "LINQ", "LINQ", "{02EA681E-C7D8-13C7-8484-4AC65E1B71E8}"
EndProject
Project("{FAE04EC0-301F-11D3-BF4B-00C04F79EFBC}") = "LINQ", "LINQ\LINQ.csproj", "{94F60253-5F86-451D-8BD3-B9AEF54B81D3}"
EndProject
Global
	GlobalSection(SolutionConfigurationPlatforms) = preSolution
		Debug|Any CPU = Debug|Any CPU
		Release|Any CPU = Release|Any CPU
	EndGlobalSection
	GlobalSection(ProjectConfigurationPlatforms) = postSolution
		{C5924613-95BE-4619-8385-B9C4830B9230}.Debug|Any CPU.ActiveCfg = Debug|Any CPU
		{C5924613-95BE-4619-8385-B9C4830B9230}.Debug|Any CPU.Build.0 = Debug|Any CPU
		{C5924613-95BE-4619-8385-B9C4830B9230}.Release|Any CPU.ActiveCfg = Release|Any CPU
		{C5924613-95BE-4619-8385-B9C4830B9230}.Release|Any CPU.Build.0 = Release|Any CPU
		{1D3D89BA-5F31-4AB9-AD88-69DA775A624C}.Debug|Any CPU.ActiveCfg = Debug|Any CPU
		{1D3D89BA-5F31-4AB9-AD88-69DA775A624C}.Debug|Any CPU.Build.0 = Debug|Any CPU
		{1D3D89BA-5F31-4AB9-AD88-69DA775A624C}.Release|Any CPU.ActiveCfg = Release|Any CPU
		{1D3D89BA-5F31-4AB9-AD88-69DA775A624C}.Release|Any CPU.Build.0 = Release|Any CPU
		{01563FE7-58B7-420A-8131-BD67D4944370}.Debug|Any CPU.ActiveCfg = Debug|Any CPU
		{01563FE7-58B7-420A-8131-BD67D4944370}.Debug|Any CPU.Build.0 = Debug|Any CPU
		{01563FE7-58B7-420A-8131-BD67D4944370}.Release|Any CPU.ActiveCfg = Release|Any CPU
		{01563FE7-58B7-420A-8131-BD67D4944370}.Release|Any CPU.Build.0 = Release|Any CPU
		{46CB24BA-926B-4A05-A11C-11EF50AED99D}.Debug|Any CPU.ActiveCfg = Debug|Any CPU
		{46CB24BA-926B-4A05-A11C-11EF50AED99D}.Debug|Any CPU.Build.0 = Debug|Any CPU
		{46CB24BA-926B-4A05-A11C-11EF50AED99D}.Release|Any CPU.ActiveCfg = Release|Any CPU
		{46CB24BA-926B-4A05-A11C-11EF50AED99D}.Release|Any CPU.Build.0 = Release|Any CPU
		{EB2B8F7D-42E2-4AA8-AE8F-6359AEC52146}.Debug|Any CPU.ActiveCfg = Debug|Any CPU
		{EB2B8F7D-42E2-4AA8-AE8F-6359AEC52146}.Debug|Any CPU.Build.0 = Debug|Any CPU
		{EB2B8F7D-42E2-4AA8-AE8F-6359AEC52146}.Release|Any CPU.ActiveCfg = Release|Any CPU
		{EB2B8F7D-42E2-4AA8-AE8F-6359AEC52146}.Release|Any CPU.Build.0 = Release|Any CPU
		{94F60253-5F86-451D-8BD3-B9AEF54B81D3}.Debug|Any CPU.ActiveCfg = Debug|Any CPU
		{94F60253-5F86-451D-8BD3-B9AEF54B81D3}.Debug|Any CPU.Build.0 = Debug|Any CPU
		{94F60253-5F86-451D-8BD3-B9AEF54B81D3}.Release|Any CPU.ActiveCfg = Release|Any CPU
		{94F60253-5F86-451D-8BD3-B9AEF54B81D3}.Release|Any CPU.Build.0 = Release|Any CPU
	EndGlobalSection
	GlobalSection(SolutionProperties) = preSolution
		HideSolutionNode = FALSE
	EndGlobalSection
	GlobalSection(NestedProjects) = preSolution
		{C5924613-95BE-4619-8385-B9C4830B9230} = {15CBC81D-F871-4983-A685-744346FBC98F}
		{1D3D89BA-5F31-4AB9-AD88-69DA775A624C} = {15CBC81D-F871-4983-A685-744346FBC98F}
		{01563FE7-58B7-420A-8131-BD67D4944370} = {CC599EFF-C287-4CD6-8A5F-575F010367D9}
		{46CB24BA-926B-4A05-A11C-11EF50AED99D} = {1E252E4D-5CEE-4501-B832-E618612B09EB}
		{1E252E4D-5CEE-4501-B832-E618612B09EB} = {35714390-42FC-4492-87B9-D7FB31536223}
		{5A60E4E8-0EB2-4671-892E-BBB4A3206704} = {35714390-42FC-4492-87B9-D7FB31536223}
		{EB2B8F7D-42E2-4AA8-AE8F-6359AEC52146} = {5A60E4E8-0EB2-4671-892E-BBB4A3206704}
		{94F60253-5F86-451D-8BD3-B9AEF54B81D3} = {02EA681E-C7D8-13C7-8484-4AC65E1B71E8}
	EndGlobalSection
	GlobalSection(ExtensibilityGlobals) = postSolution
		SolutionGuid = {3E9841A5-113A-40EE-B1C8-22E8C8ADA625}
	EndGlobalSection
EndGlobal
